{
  "name": "air-hockey-pro",
  "version": "1.0.0",
  "lockfileVersion": 3,
  "requires": true,
  "packages": {
    "": {
      "name": "air-hockey-pro",
      "version": "1.0.0",
      "license": "MIT",
      "dependencies": {
        "@capacitor/android": "6.0.0",
        "@capacitor/cli": "6.0.0",
        "@capacitor/core": "6.0.0"
      }
    },
    "node_modules/@capacitor/android": {
      "version": "6.0.0",
      "resolved": "https://registry.npmjs.org/@capacitor/android/-/android-6.0.0.tgz",
      "integrity": "sha512-6z30P0mr53l0VXPwFjzDVuKIt1991bqUSSfShTT2efWN+rBSGSAH2bPID6qSZornH1n5R5Lh/UHq/aGuW523MQ==",
      "engines": {
        "node": ">=18.0.0"
      },
      "peerDependencies": {
        "@capacitor/core": "^6.0.0"
      }
    },
    "node_modules/@capacitor/cli": {
      "version": "6.0.0",
      "resolved": "https://registry.npmjs.org/@capacitor/cli/-/cli-6.0.0.tgz",
      "integrity": "sha512-NvxIQsJcMiIV+Le1DilR2GGyQQbDInfXK1UywGROQ5mycdFlW5XoAPZ+MKnFGB123RoEgE3uhDGgwTXUmSlX9A==",
      "bin": {
        "cap": "bin/cap",
        "capacitor": "bin/cap"
      },
      "engines": {
        "node": ">=18.0.0"
      }
    },
    "node_modules/@capacitor/core": {
      "version": "6.0.0",
      "resolved": "https://registry.npmjs.org/@capacitor/core/-/core-6.0.0.tgz",
      "integrity": "sha512-mZIno62iZfVpEis79X773V76m1S97Vf90/P3oO7+D5o5/R6p6vT/Bf6Y8vO61fS52vH56oWnO6V9y55z5O1v9A==",
      "engines": {
        "node": ">=18.0.0"
      }
    }
  }
}
